
Microsoft Visual Studio Solution File, Format Version 12.00
# Visual Studio Version 16
VisualStudioVersion = 16.0.30717.126
MinimumVisualStudioVersion = 10.0.40219.1
Project("{888888A0-9F3D-457C-B088-3A5042F75D52}") = "BotTesting", "BotTesting.pyproj", "{0CD2D0C3-7692-47C0-90C6-5F7B9647BB9C}"
EndProject
Global
	GlobalSection(SolutionConfigurationPlatforms) = preSolution
		Debug|Any CPU = Debug|Any CPU
		Release|Any CPU = Release|Any CPU
	EndGlobalSection
	GlobalSection(ProjectConfigurationPlatforms) = postSolution
		{0CD2D0C3-7692-47C0-90C6-5F7B9647BB9C}.Debug|Any CPU.ActiveCfg = Debug|Any CPU
		{0CD2D0C3-7692-47C0-90C6-5F7B9647BB9C}.Release|Any CPU.ActiveCfg = Release|Any CPU
	EndGlobalSection
	GlobalSection(SolutionProperties) = preSolution
		HideSolutionNode = FALSE
	EndGlobalSection
	GlobalSection(ExtensibilityGlobals) = postSolution
		SolutionGuid = {A6554721-AC1F-41A9-894B-45078BA889CB}
	EndGlobalSection
EndGlobal
